
Microsoft Visual Studio Solution File, Format Version 12.00
# Visual Studio Version 17
VisualStudioVersion = 17.11.35222.181
MinimumVisualStudioVersion = 10.0.40219.1
Project("{9A19103F-16F7-4668-BE54-9A1E7A4F7556}") = "WinUIDemo", "WinUIDemo.csproj", "{B94B6534-0C43-43D6-B840-334E9CAC8B90}"
EndProject
Project("{9A19103F-16F7-4668-BE54-9A1E7A4F7556}") = "WinUIDemo.Core", "..\WinUIDemo.Core\WinUIDemo.Core.csproj", "{083D2FAE-210D-483E-86E4-2AA91046BA90}"
EndProject
Project("{9A19103F-16F7-4668-BE54-9A1E7A4F7556}") = "WinUIDemo.Tests.MSTest", "..\WinUIDemo.Tests.MSTest\WinUIDemo.Tests.MSTest.csproj", "{32BDC44E-9055-4973-8C24-4BF17C04654E}"
EndProject
Project("{FAE04EC0-301F-11D3-BF4B-00C04F79EFBC}") = "Clock", "..\Clock\Clock.csproj", "{FF20F326-2D4F-4739-9BC9-1177763E9468}"
EndProject
Global
	GlobalSection(SolutionConfigurationPlatforms) = preSolution
		Debug|Any CPU = Debug|Any CPU
		Debug|arm64 = Debug|arm64
		Debug|x64 = Debug|x64
		Debug|x86 = Debug|x86
		Release|Any CPU = Release|Any CPU
		Release|arm64 = Release|arm64
		Release|x64 = Release|x64
		Release|x86 = Release|x86
	EndGlobalSection
	GlobalSection(ProjectConfigurationPlatforms) = postSolution
		{B94B6534-0C43-43D6-B840-334E9CAC8B90}.Debug|Any CPU.ActiveCfg = Debug|x64
		{B94B6534-0C43-43D6-B840-334E9CAC8B90}.Debug|Any CPU.Build.0 = Debug|x64
		{B94B6534-0C43-43D6-B840-334E9CAC8B90}.Debug|Any CPU.Deploy.0 = Debug|x64
		{B94B6534-0C43-43D6-B840-334E9CAC8B90}.Debug|arm64.ActiveCfg = Debug|arm64
		{B94B6534-0C43-43D6-B840-334E9CAC8B90}.Debug|arm64.Build.0 = Debug|arm64
		{B94B6534-0C43-43D6-B840-334E9CAC8B90}.Debug|arm64.Deploy.0 = Debug|arm64
		{B94B6534-0C43-43D6-B840-334E9CAC8B90}.Debug|x64.ActiveCfg = Debug|x64
		{B94B6534-0C43-43D6-B840-334E9CAC8B90}.Debug|x64.Build.0 = Debug|x64
		{B94B6534-0C43-43D6-B840-334E9CAC8B90}.Debug|x64.Deploy.0 = Debug|x64
		{B94B6534-0C43-43D6-B840-334E9CAC8B90}.Debug|x86.ActiveCfg = Debug|x86
		{B94B6534-0C43-43D6-B840-334E9CAC8B90}.Debug|x86.Build.0 = Debug|x86
		{B94B6534-0C43-43D6-B840-334E9CAC8B90}.Debug|x86.Deploy.0 = Debug|x86
		{B94B6534-0C43-43D6-B840-334E9CAC8B90}.Release|Any CPU.ActiveCfg = Release|x64
		{B94B6534-0C43-43D6-B840-334E9CAC8B90}.Release|Any CPU.Build.0 = Release|x64
		{B94B6534-0C43-43D6-B840-334E9CAC8B90}.Release|Any CPU.Deploy.0 = Release|x64
		{B94B6534-0C43-43D6-B840-334E9CAC8B90}.Release|arm64.ActiveCfg = Release|arm64
		{B94B6534-0C43-43D6-B840-334E9CAC8B90}.Release|arm64.Build.0 = Release|arm64
		{B94B6534-0C43-43D6-B840-334E9CAC8B90}.Release|arm64.Deploy.0 = Release|arm64
		{B94B6534-0C43-43D6-B840-334E9CAC8B90}.Release|x64.ActiveCfg = Release|x64
		{B94B6534-0C43-43D6-B840-334E9CAC8B90}.Release|x64.Build.0 = Release|x64
		{B94B6534-0C43-43D6-B840-334E9CAC8B90}.Release|x64.Deploy.0 = Release|x64
		{B94B6534-0C43-43D6-B840-334E9CAC8B90}.Release|x86.ActiveCfg = Release|x86
		{B94B6534-0C43-43D6-B840-334E9CAC8B90}.Release|x86.Build.0 = Release|x86
		{B94B6534-0C43-43D6-B840-334E9CAC8B90}.Release|x86.Deploy.0 = Release|x86
		{083D2FAE-210D-483E-86E4-2AA91046BA90}.Debug|Any CPU.ActiveCfg = Debug|Any CPU
		{083D2FAE-210D-483E-86E4-2AA91046BA90}.Debug|Any CPU.Build.0 = Debug|Any CPU
		{083D2FAE-210D-483E-86E4-2AA91046BA90}.Debug|arm64.ActiveCfg = Debug|arm64
		{083D2FAE-210D-483E-86E4-2AA91046BA90}.Debug|arm64.Build.0 = Debug|arm64
		{083D2FAE-210D-483E-86E4-2AA91046BA90}.Debug|x64.ActiveCfg = Debug|x64
		{083D2FAE-210D-483E-86E4-2AA91046BA90}.Debug|x64.Build.0 = Debug|x64
		{083D2FAE-210D-483E-86E4-2AA91046BA90}.Debug|x86.ActiveCfg = Debug|x86
		{083D2FAE-210D-483E-86E4-2AA91046BA90}.Debug|x86.Build.0 = Debug|x86
		{083D2FAE-210D-483E-86E4-2AA91046BA90}.Release|Any CPU.ActiveCfg = Release|Any CPU
		{083D2FAE-210D-483E-86E4-2AA91046BA90}.Release|Any CPU.Build.0 = Release|Any CPU
		{083D2FAE-210D-483E-86E4-2AA91046BA90}.Release|arm64.ActiveCfg = Release|arm64
		{083D2FAE-210D-483E-86E4-2AA91046BA90}.Release|arm64.Build.0 = Release|arm64
		{083D2FAE-210D-483E-86E4-2AA91046BA90}.Release|x64.ActiveCfg = Release|x64
		{083D2FAE-210D-483E-86E4-2AA91046BA90}.Release|x64.Build.0 = Release|x64
		{083D2FAE-210D-483E-86E4-2AA91046BA90}.Release|x86.ActiveCfg = Release|x86
		{083D2FAE-210D-483E-86E4-2AA91046BA90}.Release|x86.Build.0 = Release|x86
		{32BDC44E-9055-4973-8C24-4BF17C04654E}.Debug|Any CPU.ActiveCfg = Debug|x64
		{32BDC44E-9055-4973-8C24-4BF17C04654E}.Debug|Any CPU.Build.0 = Debug|x64
		{32BDC44E-9055-4973-8C24-4BF17C04654E}.Debug|arm64.ActiveCfg = Debug|arm64
		{32BDC44E-9055-4973-8C24-4BF17C04654E}.Debug|arm64.Build.0 = Debug|arm64
		{32BDC44E-9055-4973-8C24-4BF17C04654E}.Debug|x64.ActiveCfg = Debug|x64
		{32BDC44E-9055-4973-8C24-4BF17C04654E}.Debug|x64.Build.0 = Debug|x64
		{32BDC44E-9055-4973-8C24-4BF17C04654E}.Debug|x86.ActiveCfg = Debug|x86
		{32BDC44E-9055-4973-8C24-4BF17C04654E}.Debug|x86.Build.0 = Debug|x86
		{32BDC44E-9055-4973-8C24-4BF17C04654E}.Release|Any CPU.ActiveCfg = Release|x64
		{32BDC44E-9055-4973-8C24-4BF17C04654E}.Release|Any CPU.Build.0 = Release|x64
		{32BDC44E-9055-4973-8C24-4BF17C04654E}.Release|arm64.ActiveCfg = Release|arm64
		{32BDC44E-9055-4973-8C24-4BF17C04654E}.Release|arm64.Build.0 = Release|arm64
		{32BDC44E-9055-4973-8C24-4BF17C04654E}.Release|x64.ActiveCfg = Release|x64
		{32BDC44E-9055-4973-8C24-4BF17C04654E}.Release|x64.Build.0 = Release|x64
		{32BDC44E-9055-4973-8C24-4BF17C04654E}.Release|x86.ActiveCfg = Release|x86
		{32BDC44E-9055-4973-8C24-4BF17C04654E}.Release|x86.Build.0 = Release|x86
		{FF20F326-2D4F-4739-9BC9-1177763E9468}.Debug|Any CPU.ActiveCfg = Debug|Any CPU
		{FF20F326-2D4F-4739-9BC9-1177763E9468}.Debug|Any CPU.Build.0 = Debug|Any CPU
		{FF20F326-2D4F-4739-9BC9-1177763E9468}.Debug|arm64.ActiveCfg = Debug|Any CPU
		{FF20F326-2D4F-4739-9BC9-1177763E9468}.Debug|arm64.Build.0 = Debug|Any CPU
		{FF20F326-2D4F-4739-9BC9-1177763E9468}.Debug|x64.ActiveCfg = Debug|Any CPU
		{FF20F326-2D4F-4739-9BC9-1177763E9468}.Debug|x64.Build.0 = Debug|Any CPU
		{FF20F326-2D4F-4739-9BC9-1177763E9468}.Debug|x86.ActiveCfg = Debug|Any CPU
		{FF20F326-2D4F-4739-9BC9-1177763E9468}.Debug|x86.Build.0 = Debug|Any CPU
		{FF20F326-2D4F-4739-9BC9-1177763E9468}.Release|Any CPU.ActiveCfg = Release|Any CPU
		{FF20F326-2D4F-4739-9BC9-1177763E9468}.Release|Any CPU.Build.0 = Release|Any CPU
		{FF20F326-2D4F-4739-9BC9-1177763E9468}.Release|arm64.ActiveCfg = Release|Any CPU
		{FF20F326-2D4F-4739-9BC9-1177763E9468}.Release|arm64.Build.0 = Release|Any CPU
		{FF20F326-2D4F-4739-9BC9-1177763E9468}.Release|x64.ActiveCfg = Release|Any CPU
		{FF20F326-2D4F-4739-9BC9-1177763E9468}.Release|x64.Build.0 = Release|Any CPU
		{FF20F326-2D4F-4739-9BC9-1177763E9468}.Release|x86.ActiveCfg = Release|Any CPU
		{FF20F326-2D4F-4739-9BC9-1177763E9468}.Release|x86.Build.0 = Release|Any CPU
	EndGlobalSection
	GlobalSection(SolutionProperties) = preSolution
		HideSolutionNode = FALSE
	EndGlobalSection
	GlobalSection(ExtensibilityGlobals) = postSolution
		SolutionGuid = {A37637CE-840E-4C3F-8075-CB4C196BB12B}
	EndGlobalSection
EndGlobal
